
Microsoft Visual Studio Solution File, Format Version 12.00
# Visual Studio 15
VisualStudioVersion = 15.0.28307.329
MinimumVisualStudioVersion = 10.0.40219.1
Project("{FAE04EC0-301F-11D3-BF4B-00C04F79EFBC}") = "LoginSystemTest", "LoginSystemTest\LoginSystemTest.csproj", "{DD22299F-3ED6-4A24-87A5-8ED62418B1D1}"
EndProject
Global
	GlobalSection(SolutionConfigurationPlatforms) = preSolution
		Debug|Any CPU = Debug|Any CPU
		Release|Any CPU = Release|Any CPU
	EndGlobalSection
	GlobalSection(ProjectConfigurationPlatforms) = postSolution
		{DD22299F-3ED6-4A24-87A5-8ED62418B1D1}.Debug|Any CPU.ActiveCfg = Debug|Any CPU
		{DD22299F-3ED6-4A24-87A5-8ED62418B1D1}.Debug|Any CPU.Build.0 = Debug|Any CPU
		{DD22299F-3ED6-4A24-87A5-8ED62418B1D1}.Release|Any CPU.ActiveCfg = Release|Any CPU
		{DD22299F-3ED6-4A24-87A5-8ED62418B1D1}.Release|Any CPU.Build.0 = Release|Any CPU
	EndGlobalSection
	GlobalSection(SolutionProperties) = preSolution
		HideSolutionNode = FALSE
	EndGlobalSection
	GlobalSection(ExtensibilityGlobals) = postSolution
		SolutionGuid = {A5AD5508-F9ED-4511-A220-C2BBD20C8C7B}
	EndGlobalSection
EndGlobal
